
Microsoft Visual Studio Solution File, Format Version 12.00
# Visual Studio Version 17
VisualStudioVersion = 17.11.35222.181
MinimumVisualStudioVersion = 10.0.40219.1
Project("{FAE04EC0-301F-11D3-BF4B-00C04F79EFBC}") = "P_1_1", "P_1_1\P_1_1.csproj", "{32618213-3D1F-4C12-9034-EFFA636F4454}"
EndProject
Project("{FAE04EC0-301F-11D3-BF4B-00C04F79EFBC}") = "P_1_1_DOP", "P_1_1_DOP\P_1_1_DOP.csproj", "{11A5D691-F080-483F-A0A7-15134D7391EE}"
EndProject
Project("{2150E333-8FDC-42A3-9474-1A3956D46DE8}") = "Элементы решения", "Элементы решения", "{C0529C34-4562-4441-955D-B88A8100F322}"
	ProjectSection(SolutionItems) = preProject
		..\..\..\Downloads\warning.editorconfig = ..\..\..\Downloads\warning.editorconfig
	EndProjectSection
EndProject
Global
	GlobalSection(SolutionConfigurationPlatforms) = preSolution
		Debug|Any CPU = Debug|Any CPU
		Release|Any CPU = Release|Any CPU
	EndGlobalSection
	GlobalSection(ProjectConfigurationPlatforms) = postSolution
		{32618213-3D1F-4C12-9034-EFFA636F4454}.Debug|Any CPU.ActiveCfg = Debug|Any CPU
		{32618213-3D1F-4C12-9034-EFFA636F4454}.Debug|Any CPU.Build.0 = Debug|Any CPU
		{32618213-3D1F-4C12-9034-EFFA636F4454}.Release|Any CPU.ActiveCfg = Release|Any CPU
		{32618213-3D1F-4C12-9034-EFFA636F4454}.Release|Any CPU.Build.0 = Release|Any CPU
		{11A5D691-F080-483F-A0A7-15134D7391EE}.Debug|Any CPU.ActiveCfg = Debug|Any CPU
		{11A5D691-F080-483F-A0A7-15134D7391EE}.Debug|Any CPU.Build.0 = Debug|Any CPU
		{11A5D691-F080-483F-A0A7-15134D7391EE}.Release|Any CPU.ActiveCfg = Release|Any CPU
		{11A5D691-F080-483F-A0A7-15134D7391EE}.Release|Any CPU.Build.0 = Release|Any CPU
	EndGlobalSection
	GlobalSection(SolutionProperties) = preSolution
		HideSolutionNode = FALSE
	EndGlobalSection
	GlobalSection(ExtensibilityGlobals) = postSolution
		SolutionGuid = {48A48685-D707-402B-81ED-834CD19D9F96}
	EndGlobalSection
EndGlobal
